
Microsoft Visual Studio Solution File, Format Version 12.00
# Visual Studio Version 17
VisualStudioVersion = 17.3.32819.101
MinimumVisualStudioVersion = 10.0.40219.1
Project("{FAE04EC0-301F-11D3-BF4B-00C04F79EFBC}") = "module2hw2", "module2hw2\module2hw2.csproj", "{EA1D96E9-0C26-403A-A41E-8E7067B46C1C}"
EndProject
Global
	GlobalSection(SolutionConfigurationPlatforms) = preSolution
		Debug|Any CPU = Debug|Any CPU
		Release|Any CPU = Release|Any CPU
	EndGlobalSection
	GlobalSection(ProjectConfigurationPlatforms) = postSolution
		{EA1D96E9-0C26-403A-A41E-8E7067B46C1C}.Debug|Any CPU.ActiveCfg = Debug|Any CPU
		{EA1D96E9-0C26-403A-A41E-8E7067B46C1C}.Debug|Any CPU.Build.0 = Debug|Any CPU
		{EA1D96E9-0C26-403A-A41E-8E7067B46C1C}.Release|Any CPU.ActiveCfg = Release|Any CPU
		{EA1D96E9-0C26-403A-A41E-8E7067B46C1C}.Release|Any CPU.Build.0 = Release|Any CPU
	EndGlobalSection
	GlobalSection(SolutionProperties) = preSolution
		HideSolutionNode = FALSE
	EndGlobalSection
	GlobalSection(ExtensibilityGlobals) = postSolution
		SolutionGuid = {FE33B1D9-A18E-4883-BC5E-E91FEF161112}
	EndGlobalSection
EndGlobal
